
Microsoft Visual Studio Solution File, Format Version 12.00
# Visual Studio Version 17
VisualStudioVersion = 17.6.33723.286
MinimumVisualStudioVersion = 10.0.40219.1
Project("{FAE04EC0-301F-11D3-BF4B-00C04F79EFBC}") = "prototype_VKR_1", "prototype_VKR_1\prototype_VKR_1.csproj", "{6F1C9E74-5E01-4627-8984-0881D89FCB23}"
EndProject
Global
	GlobalSection(SolutionConfigurationPlatforms) = preSolution
		Debug|Any CPU = Debug|Any CPU
		Release|Any CPU = Release|Any CPU
	EndGlobalSection
	GlobalSection(ProjectConfigurationPlatforms) = postSolution
		{6F1C9E74-5E01-4627-8984-0881D89FCB23}.Debug|Any CPU.ActiveCfg = Debug|Any CPU
		{6F1C9E74-5E01-4627-8984-0881D89FCB23}.Debug|Any CPU.Build.0 = Debug|Any CPU
		{6F1C9E74-5E01-4627-8984-0881D89FCB23}.Release|Any CPU.ActiveCfg = Release|Any CPU
		{6F1C9E74-5E01-4627-8984-0881D89FCB23}.Release|Any CPU.Build.0 = Release|Any CPU
	EndGlobalSection
	GlobalSection(SolutionProperties) = preSolution
		HideSolutionNode = FALSE
	EndGlobalSection
	GlobalSection(ExtensibilityGlobals) = postSolution
		SolutionGuid = {FF2C753C-687F-4DFA-A28C-BDB402773E92}
	EndGlobalSection
EndGlobal
